Microsoft Visual Studio Solution File, Format Version 12.00
# Visual Studio Version 17
VisualStudioVersion = 17.5.2.0
MinimumVisualStudioVersion = 10.0.40219.1
Project("{FAE04EC0-301F-11D3-BF4B-00C04F79EFBC}") = "DurakEnhanced", "DurakEnhanced.csproj", "{6BAC0557-CD3B-4C56-B804-F5936CA258D9}"
EndProject
Global
	GlobalSection(SolutionConfigurationPlatforms) = preSolution
		Debug|Any CPU = Debug|Any CPU
		Release|Any CPU = Release|Any CPU
	EndGlobalSection
	GlobalSection(ProjectConfigurationPlatforms) = postSolution
		{6BAC0557-CD3B-4C56-B804-F5936CA258D9}.Debug|Any CPU.ActiveCfg = Debug|Any CPU
		{6BAC0557-CD3B-4C56-B804-F5936CA258D9}.Debug|Any CPU.Build.0 = Debug|Any CPU
		{6BAC0557-CD3B-4C56-B804-F5936CA258D9}.Release|Any CPU.ActiveCfg = Release|Any CPU
		{6BAC0557-CD3B-4C56-B804-F5936CA258D9}.Release|Any CPU.Build.0 = Release|Any CPU
	EndGlobalSection
	GlobalSection(SolutionProperties) = preSolution
		HideSolutionNode = FALSE
	EndGlobalSection
	GlobalSection(ExtensibilityGlobals) = postSolution
		SolutionGuid = {91E4994B-D3F0-4764-BAB9-8FC7FFE2B883}
	EndGlobalSection
EndGlobal
